{
    "_readme": [
        "This file locks the dependencies of your project to a known state",
        "Read more about it at https://getcomposer.org/doc/01-basic-usage.md#composer-lock-the-lock-file",
        "This file is @generated automatically"
    ],
    "hash": "6dc74917a1beac0b1957833e2652bd6b",
    "content-hash": "0d7ada933d973184603db66525dfc675",
    "packages": [
        {
            "name": "components/bootstrap",
            "version": "3.3.6",
            "source": {
                "type": "git",
                "url": "https://github.com/components/bootstrap.git",
                "reference": "fb4923919c620b8b2aa8a11eda16b49b0a9e8a27"
            },
            "dist": {
                "type": "zip",
                "url": "https://api.github.com/repos/components/bootstrap/zipball/fb4923919c620b8b2aa8a11eda16b49b0a9e8a27",
                "reference": "fb4923919c620b8b2aa8a11eda16b49b0a9e8a27",
                "shasum": ""
            },
            "require": {
                "components/jquery": "1.9.1 - 2"
            },
            "suggest": {
                "components/bootstrap-default": "Provide a theme for Bootstrap as components/bootstrap only provides the CSS as file assets"
            },
            "type": "component",
            "extra": {
                "component": {
                    "scripts": [
                        "js/bootstrap.js"
                    ],
                    "files": [
                        "js/*.js",
                        "css/*.css",
                        "css/*.map",
                        "fonts/*",
                        "less/mixins/*.less",
                        "less/*.less"
                    ],
                    "shim": {
                        "deps": [
                            "jquery"
                        ]
                    }
                }
            },
            "notification-url": "https://packagist.org/downloads/",
            "license": [
                "MIT"
            ],
            "authors": [
                {
                    "name": "Jacob Thornton",
                    "email": "jacobthornton@gmail.com"
                },
                {
                    "name": "Mark Otto",
                    "email": "markdotto@gmail.com"
                }
            ],
            "description": "The most popular front-end framework for developing responsive, mobile first projects on the web.",
            "homepage": "http://getbootstrap.com",
            "keywords": [
                "css",
                "framework",
                "front-end",
                "less",
                "mobile-first",
                "responsive",
                "web"
            ],
            "time": "2015-11-24 20:19:41"
        },
        {
            "name": "components/jquery",
            "version": "2.2.1",
            "source": {
                "type": "git",
                "url": "https://github.com/components/jquery.git",
                "reference": "7894addbce3c4de6f82449610e6f8e168b49e9b0"
            },
            "dist": {
                "type": "zip",
                "url": "https://api.github.com/repos/components/jquery/zipball/7894addbce3c4de6f82449610e6f8e168b49e9b0",
                "reference": "7894addbce3c4de6f82449610e6f8e168b49e9b0",
                "shasum": ""
            },
            "type": "component",
            "extra": {
                "component": {
                    "scripts": [
                        "jquery.js"
                    ],
                    "files": [
                        "jquery.min.js",
                        "jquery.min.map",
                        "jquery-migrate.js",
                        "jquery-migrate.min.js"
                    ]
                }
            },
            "notification-url": "https://packagist.org/downloads/",
            "license": [
                "MIT"
            ],
            "authors": [
                {
                    "name": "John Resig",
                    "email": "jeresig@gmail.com"
                }
            ],
            "description": "jQuery JavaScript Library",
            "homepage": "http://jquery.com",
            "time": "2016-02-24 08:16:25"
        },
        {
            "name": "foxou33/bootstrap-treeview",
            "version": "dev-master",
            "source": {
                "type": "git",
                "url": "https://github.com/foxou33/bootstrap-treeview.git",
                "reference": "aba0a7f2bcb7824028d2557f4bb6d9da495063a0"
            },
            "dist": {
                "type": "zip",
                "url": "https://api.github.com/repos/foxou33/bootstrap-treeview/zipball/aba0a7f2bcb7824028d2557f4bb6d9da495063a0",
                "reference": "aba0a7f2bcb7824028d2557f4bb6d9da495063a0",
                "shasum": ""
            },
            "require": {
                "components/bootstrap": ">=3.0.0",
                "components/jquery": ">=1.9.0"
            },
            "type": "component",
            "extra": {
                "component": {
                    "scripts": [
                        "dist/bootstrap-treeview.min.js"
                    ],
                    "files": [
                        "dist/bootstrap-treeview.min.css"
                    ]
                }
            },
            "notification-url": "https://packagist.org/downloads/",
            "license": [
                "Apache-2.0"
            ],
            "authors": [
                {
                    "name": "Jonathan Miles"
                }
            ],
            "description": "Tree View for Twitter Bootstrap.",
            "homepage": "https://github.com/jonmiles/bootstrap-treeview",
            "time": "2016-02-28 08:54:04"
        },
        {
            "name": "ros/ezpdf",
            "version": "0.12.1",
            "source": {
                "type": "git",
                "url": "https://github.com/didaxRedux/php-ezPDF.git",
                "reference": "ae793dc291a9266e56954666b99ea14f53c35b66"
            },
            "dist": {
                "type": "zip",
                "url": "https://api.github.com/repos/didaxRedux/php-ezPDF/zipball/ae793dc291a9266e56954666b99ea14f53c35b66",
                "reference": "ae793dc291a9266e56954666b99ea14f53c35b66",
                "shasum": ""
            },
            "type": "library",
            "autoload": {
                "classmap": [
                    "src/"
                ]
            },
            "notification-url": "https://packagist.org/downloads/",
            "license": [
                "MIT"
            ],
            "description": "Porting of the well-known R&OS PDF class.",
            "time": "2015-12-03 15:55:45"
        }
    ],
    "packages-dev": [],
    "aliases": [],
    "minimum-stability": "stable",
    "stability-flags": {
        "foxou33/bootstrap-treeview": 20
    },
    "prefer-stable": false,
    "prefer-lowest": false,
    "platform": [],
    "platform-dev": []
}
