{
    "_readme": [
        "This file locks the dependencies of your project to a known state",
        "Read more about it at https://getcomposer.org/doc/01-basic-usage.md#composer-lock-the-lock-file",
        "This file is @generated automatically"
    ],
    "hash": "77f5ba2086fd6133b7202f09bff3cf40",
    "content-hash": "315923927c374ee627ba4c0e2a2e6fa3",
    "packages": [
        {
            "name": "rospdf/pdf-php",
            "version": "0.12.21",
            "source": {
                "type": "git",
                "url": "https://github.com/rospdf/pdf-php.git",
                "reference": "174314e735a7ef7cdd0ce8ca3e1b44de08cd9651"
            },
            "dist": {
                "type": "zip",
                "url": "https://api.github.com/repos/rospdf/pdf-php/zipball/174314e735a7ef7cdd0ce8ca3e1b44de08cd9651",
                "reference": "174314e735a7ef7cdd0ce8ca3e1b44de08cd9651",
                "shasum": ""
            },
            "require": {
                "php": ">=5.3.2"
            },
            "require-dev": {
                "squizlabs/php_codesniffer": "2.*"
            },
            "type": "library",
            "extra": {
                "branch-alias": {
                    "dev-experimental": "0.13.x-dev",
                    "dev-master": "0.12.x-dev"
                }
            },
            "autoload": {
                "files": [
                    "src/Cpdf.php",
                    "src/Cezpdf.php"
                ]
            },
            "notification-url": "https://packagist.org/downloads/",
            "license": [
                "GPL-3.0"
            ],
            "authors": [
                {
                    "name": "Ole Koeckemann",
                    "email": "ole1986@users.sourceforge.net",
                    "role": "Developer"
                },
                {
                    "name": "Lars Olesen",
                    "email": "lars@intraface.dk",
                    "role": "Developer"
                },
                {
                    "name": "Wayne Munro",
                    "email": "pdf@ros.co.nz",
                    "role": "Inactive"
                }
            ],
            "description": "The R&OS Pdf class supports the creation of PDF documents without any adiditional modules or extensions.",
            "homepage": "https://github.com/rospdf/pdf-php",
            "time": "2016-05-17 07:48:01"
        }
    ],
    "packages-dev": [],
    "aliases": [],
    "minimum-stability": "stable",
    "stability-flags": [],
    "prefer-stable": false,
    "prefer-lowest": false,
    "platform": [],
    "platform-dev": []
}
